
Microsoft Visual Studio Solution File, Format Version 12.00
# Visual Studio 15
VisualStudioVersion = 15.0.28307.1321
MinimumVisualStudioVersion = 10.0.40219.1
Project("{8BC9CEB8-8B4A-11D0-8D11-00A0C91BC942}") = "test_filed_offset", "test_filed_offset\test_filed_offset.vcxproj", "{F82C947C-43A5-4DD0-89FC-92A71F9EB24A}"
EndProject
Project("{8BC9CEB8-8B4A-11D0-8D11-00A0C91BC942}") = "gdt_struct", "gdt_struct\gdt_struct.vcxproj", "{873AA5A3-1909-42B2-AB85-C7E17C0BBFDC}"
EndProject
Project("{8BC9CEB8-8B4A-11D0-8D11-00A0C91BC942}") = "test_exception", "test_exception\test_exception.vcxproj", "{003FEEEA-2C9B-4F99-A1F0-185F769A2874}"
EndProject
Project("{8BC9CEB8-8B4A-11D0-8D11-00A0C91BC942}") = "test_assem_bracket", "test_assem_bracket\test_assem_bracket.vcxproj", "{55AA29F3-DDCE-4D10-95FC-0FBE3EDC16BE}"
EndProject
Project("{8BC9CEB8-8B4A-11D0-8D11-00A0C91BC942}") = "test_disable_interrupt", "test_disable_interrupt\test_disable_interrupt.vcxproj", "{D397D92E-2EE1-4C55-B861-E81007B07432}"
EndProject
Project("{8BC9CEB8-8B4A-11D0-8D11-00A0C91BC942}") = "test_esp_align", "test_esp_align\test_esp_align.vcxproj", "{F598624C-3F5F-41EF-BE82-C85F62AEBD0E}"
EndProject
Project("{8BC9CEB8-8B4A-11D0-8D11-00A0C91BC942}") = "learn_process_protecetd", "ProcessProtecetd\ProcessProtecetd.vcxproj", "{504CE171-8D4C-4BA8-A052-E96592AE5018}"
EndProject
Global
	GlobalSection(SolutionConfigurationPlatforms) = preSolution
		Debug|ARM = Debug|ARM
		Debug|ARM64 = Debug|ARM64
		Debug|x64 = Debug|x64
		Debug|x86 = Debug|x86
		Release|ARM = Release|ARM
		Release|ARM64 = Release|ARM64
		Release|x64 = Release|x64
		Release|x86 = Release|x86
	EndGlobalSection
	GlobalSection(ProjectConfigurationPlatforms) = postSolution
		{F82C947C-43A5-4DD0-89FC-92A71F9EB24A}.Debug|ARM.ActiveCfg = Debug|Win32
		{F82C947C-43A5-4DD0-89FC-92A71F9EB24A}.Debug|ARM64.ActiveCfg = Debug|Win32
		{F82C947C-43A5-4DD0-89FC-92A71F9EB24A}.Debug|x64.ActiveCfg = Debug|x64
		{F82C947C-43A5-4DD0-89FC-92A71F9EB24A}.Debug|x64.Build.0 = Debug|x64
		{F82C947C-43A5-4DD0-89FC-92A71F9EB24A}.Debug|x86.ActiveCfg = Debug|Win32
		{F82C947C-43A5-4DD0-89FC-92A71F9EB24A}.Debug|x86.Build.0 = Debug|Win32
		{F82C947C-43A5-4DD0-89FC-92A71F9EB24A}.Release|ARM.ActiveCfg = Release|Win32
		{F82C947C-43A5-4DD0-89FC-92A71F9EB24A}.Release|ARM64.ActiveCfg = Release|Win32
		{F82C947C-43A5-4DD0-89FC-92A71F9EB24A}.Release|x64.ActiveCfg = Release|x64
		{F82C947C-43A5-4DD0-89FC-92A71F9EB24A}.Release|x64.Build.0 = Release|x64
		{F82C947C-43A5-4DD0-89FC-92A71F9EB24A}.Release|x86.ActiveCfg = Release|Win32
		{F82C947C-43A5-4DD0-89FC-92A71F9EB24A}.Release|x86.Build.0 = Release|Win32
		{873AA5A3-1909-42B2-AB85-C7E17C0BBFDC}.Debug|ARM.ActiveCfg = Debug|Win32
		{873AA5A3-1909-42B2-AB85-C7E17C0BBFDC}.Debug|ARM64.ActiveCfg = Debug|Win32
		{873AA5A3-1909-42B2-AB85-C7E17C0BBFDC}.Debug|x64.ActiveCfg = Debug|x64
		{873AA5A3-1909-42B2-AB85-C7E17C0BBFDC}.Debug|x64.Build.0 = Debug|x64
		{873AA5A3-1909-42B2-AB85-C7E17C0BBFDC}.Debug|x86.ActiveCfg = Debug|Win32
		{873AA5A3-1909-42B2-AB85-C7E17C0BBFDC}.Debug|x86.Build.0 = Debug|Win32
		{873AA5A3-1909-42B2-AB85-C7E17C0BBFDC}.Release|ARM.ActiveCfg = Release|Win32
		{873AA5A3-1909-42B2-AB85-C7E17C0BBFDC}.Release|ARM64.ActiveCfg = Release|Win32
		{873AA5A3-1909-42B2-AB85-C7E17C0BBFDC}.Release|x64.ActiveCfg = Release|x64
		{873AA5A3-1909-42B2-AB85-C7E17C0BBFDC}.Release|x64.Build.0 = Release|x64
		{873AA5A3-1909-42B2-AB85-C7E17C0BBFDC}.Release|x86.ActiveCfg = Release|Win32
		{873AA5A3-1909-42B2-AB85-C7E17C0BBFDC}.Release|x86.Build.0 = Release|Win32
		{003FEEEA-2C9B-4F99-A1F0-185F769A2874}.Debug|ARM.ActiveCfg = Debug|Win32
		{003FEEEA-2C9B-4F99-A1F0-185F769A2874}.Debug|ARM64.ActiveCfg = Debug|Win32
		{003FEEEA-2C9B-4F99-A1F0-185F769A2874}.Debug|x64.ActiveCfg = Debug|x64
		{003FEEEA-2C9B-4F99-A1F0-185F769A2874}.Debug|x64.Build.0 = Debug|x64
		{003FEEEA-2C9B-4F99-A1F0-185F769A2874}.Debug|x86.ActiveCfg = Debug|Win32
		{003FEEEA-2C9B-4F99-A1F0-185F769A2874}.Debug|x86.Build.0 = Debug|Win32
		{003FEEEA-2C9B-4F99-A1F0-185F769A2874}.Release|ARM.ActiveCfg = Release|Win32
		{003FEEEA-2C9B-4F99-A1F0-185F769A2874}.Release|ARM64.ActiveCfg = Release|Win32
		{003FEEEA-2C9B-4F99-A1F0-185F769A2874}.Release|x64.ActiveCfg = Release|x64
		{003FEEEA-2C9B-4F99-A1F0-185F769A2874}.Release|x64.Build.0 = Release|x64
		{003FEEEA-2C9B-4F99-A1F0-185F769A2874}.Release|x86.ActiveCfg = Release|Win32
		{003FEEEA-2C9B-4F99-A1F0-185F769A2874}.Release|x86.Build.0 = Release|Win32
		{55AA29F3-DDCE-4D10-95FC-0FBE3EDC16BE}.Debug|ARM.ActiveCfg = Debug|Win32
		{55AA29F3-DDCE-4D10-95FC-0FBE3EDC16BE}.Debug|ARM64.ActiveCfg = Debug|Win32
		{55AA29F3-DDCE-4D10-95FC-0FBE3EDC16BE}.Debug|x64.ActiveCfg = Debug|x64
		{55AA29F3-DDCE-4D10-95FC-0FBE3EDC16BE}.Debug|x64.Build.0 = Debug|x64
		{55AA29F3-DDCE-4D10-95FC-0FBE3EDC16BE}.Debug|x86.ActiveCfg = Debug|Win32
		{55AA29F3-DDCE-4D10-95FC-0FBE3EDC16BE}.Debug|x86.Build.0 = Debug|Win32
		{55AA29F3-DDCE-4D10-95FC-0FBE3EDC16BE}.Release|ARM.ActiveCfg = Release|Win32
		{55AA29F3-DDCE-4D10-95FC-0FBE3EDC16BE}.Release|ARM64.ActiveCfg = Release|Win32
		{55AA29F3-DDCE-4D10-95FC-0FBE3EDC16BE}.Release|x64.ActiveCfg = Release|x64
		{55AA29F3-DDCE-4D10-95FC-0FBE3EDC16BE}.Release|x64.Build.0 = Release|x64
		{55AA29F3-DDCE-4D10-95FC-0FBE3EDC16BE}.Release|x86.ActiveCfg = Release|Win32
		{55AA29F3-DDCE-4D10-95FC-0FBE3EDC16BE}.Release|x86.Build.0 = Release|Win32
		{D397D92E-2EE1-4C55-B861-E81007B07432}.Debug|ARM.ActiveCfg = Debug|ARM
		{D397D92E-2EE1-4C55-B861-E81007B07432}.Debug|ARM.Build.0 = Debug|ARM
		{D397D92E-2EE1-4C55-B861-E81007B07432}.Debug|ARM.Deploy.0 = Debug|ARM
		{D397D92E-2EE1-4C55-B861-E81007B07432}.Debug|ARM64.ActiveCfg = Debug|ARM64
		{D397D92E-2EE1-4C55-B861-E81007B07432}.Debug|ARM64.Build.0 = Debug|ARM64
		{D397D92E-2EE1-4C55-B861-E81007B07432}.Debug|ARM64.Deploy.0 = Debug|ARM64
		{D397D92E-2EE1-4C55-B861-E81007B07432}.Debug|x64.ActiveCfg = Debug|x64
		{D397D92E-2EE1-4C55-B861-E81007B07432}.Debug|x64.Build.0 = Debug|x64
		{D397D92E-2EE1-4C55-B861-E81007B07432}.Debug|x64.Deploy.0 = Debug|x64
		{D397D92E-2EE1-4C55-B861-E81007B07432}.Debug|x86.ActiveCfg = Debug|Win32
		{D397D92E-2EE1-4C55-B861-E81007B07432}.Debug|x86.Build.0 = Debug|Win32
		{D397D92E-2EE1-4C55-B861-E81007B07432}.Debug|x86.Deploy.0 = Debug|Win32
		{D397D92E-2EE1-4C55-B861-E81007B07432}.Release|ARM.ActiveCfg = Release|ARM
		{D397D92E-2EE1-4C55-B861-E81007B07432}.Release|ARM.Build.0 = Release|ARM
		{D397D92E-2EE1-4C55-B861-E81007B07432}.Release|ARM.Deploy.0 = Release|ARM
		{D397D92E-2EE1-4C55-B861-E81007B07432}.Release|ARM64.ActiveCfg = Release|ARM64
		{D397D92E-2EE1-4C55-B861-E81007B07432}.Release|ARM64.Build.0 = Release|ARM64
		{D397D92E-2EE1-4C55-B861-E81007B07432}.Release|ARM64.Deploy.0 = Release|ARM64
		{D397D92E-2EE1-4C55-B861-E81007B07432}.Release|x64.ActiveCfg = Release|x64
		{D397D92E-2EE1-4C55-B861-E81007B07432}.Release|x64.Build.0 = Release|x64
		{D397D92E-2EE1-4C55-B861-E81007B07432}.Release|x64.Deploy.0 = Release|x64
		{D397D92E-2EE1-4C55-B861-E81007B07432}.Release|x86.ActiveCfg = Release|Win32
		{D397D92E-2EE1-4C55-B861-E81007B07432}.Release|x86.Build.0 = Release|Win32
		{D397D92E-2EE1-4C55-B861-E81007B07432}.Release|x86.Deploy.0 = Release|Win32
		{F598624C-3F5F-41EF-BE82-C85F62AEBD0E}.Debug|ARM.ActiveCfg = Debug|Win32
		{F598624C-3F5F-41EF-BE82-C85F62AEBD0E}.Debug|ARM64.ActiveCfg = Debug|Win32
		{F598624C-3F5F-41EF-BE82-C85F62AEBD0E}.Debug|x64.ActiveCfg = Debug|x64
		{F598624C-3F5F-41EF-BE82-C85F62AEBD0E}.Debug|x64.Build.0 = Debug|x64
		{F598624C-3F5F-41EF-BE82-C85F62AEBD0E}.Debug|x86.ActiveCfg = Debug|Win32
		{F598624C-3F5F-41EF-BE82-C85F62AEBD0E}.Debug|x86.Build.0 = Debug|Win32
		{F598624C-3F5F-41EF-BE82-C85F62AEBD0E}.Release|ARM.ActiveCfg = Release|Win32
		{F598624C-3F5F-41EF-BE82-C85F62AEBD0E}.Release|ARM64.ActiveCfg = Release|Win32
		{F598624C-3F5F-41EF-BE82-C85F62AEBD0E}.Release|x64.ActiveCfg = Release|x64
		{F598624C-3F5F-41EF-BE82-C85F62AEBD0E}.Release|x64.Build.0 = Release|x64
		{F598624C-3F5F-41EF-BE82-C85F62AEBD0E}.Release|x86.ActiveCfg = Release|Win32
		{F598624C-3F5F-41EF-BE82-C85F62AEBD0E}.Release|x86.Build.0 = Release|Win32
		{504CE171-8D4C-4BA8-A052-E96592AE5018}.Debug|ARM.ActiveCfg = Debug|ARM
		{504CE171-8D4C-4BA8-A052-E96592AE5018}.Debug|ARM.Build.0 = Debug|ARM
		{504CE171-8D4C-4BA8-A052-E96592AE5018}.Debug|ARM.Deploy.0 = Debug|ARM
		{504CE171-8D4C-4BA8-A052-E96592AE5018}.Debug|ARM64.ActiveCfg = Debug|ARM64
		{504CE171-8D4C-4BA8-A052-E96592AE5018}.Debug|ARM64.Build.0 = Debug|ARM64
		{504CE171-8D4C-4BA8-A052-E96592AE5018}.Debug|ARM64.Deploy.0 = Debug|ARM64
		{504CE171-8D4C-4BA8-A052-E96592AE5018}.Debug|x64.ActiveCfg = Debug|x64
		{504CE171-8D4C-4BA8-A052-E96592AE5018}.Debug|x64.Build.0 = Debug|x64
		{504CE171-8D4C-4BA8-A052-E96592AE5018}.Debug|x64.Deploy.0 = Debug|x64
		{504CE171-8D4C-4BA8-A052-E96592AE5018}.Debug|x86.ActiveCfg = Debug|Win32
		{504CE171-8D4C-4BA8-A052-E96592AE5018}.Debug|x86.Build.0 = Debug|Win32
		{504CE171-8D4C-4BA8-A052-E96592AE5018}.Debug|x86.Deploy.0 = Debug|Win32
		{504CE171-8D4C-4BA8-A052-E96592AE5018}.Release|ARM.ActiveCfg = Release|ARM
		{504CE171-8D4C-4BA8-A052-E96592AE5018}.Release|ARM.Build.0 = Release|ARM
		{504CE171-8D4C-4BA8-A052-E96592AE5018}.Release|ARM.Deploy.0 = Release|ARM
		{504CE171-8D4C-4BA8-A052-E96592AE5018}.Release|ARM64.ActiveCfg = Release|ARM64
		{504CE171-8D4C-4BA8-A052-E96592AE5018}.Release|ARM64.Build.0 = Release|ARM64
		{504CE171-8D4C-4BA8-A052-E96592AE5018}.Release|ARM64.Deploy.0 = Release|ARM64
		{504CE171-8D4C-4BA8-A052-E96592AE5018}.Release|x64.ActiveCfg = Release|x64
		{504CE171-8D4C-4BA8-A052-E96592AE5018}.Release|x64.Build.0 = Release|x64
		{504CE171-8D4C-4BA8-A052-E96592AE5018}.Release|x64.Deploy.0 = Release|x64
		{504CE171-8D4C-4BA8-A052-E96592AE5018}.Release|x86.ActiveCfg = Release|Win32
		{504CE171-8D4C-4BA8-A052-E96592AE5018}.Release|x86.Build.0 = Release|Win32
		{504CE171-8D4C-4BA8-A052-E96592AE5018}.Release|x86.Deploy.0 = Release|Win32
	EndGlobalSection
	GlobalSection(SolutionProperties) = preSolution
		HideSolutionNode = FALSE
	EndGlobalSection
	GlobalSection(ExtensibilityGlobals) = postSolution
		SolutionGuid = {969C8B9B-8B1A-44F3-AB46-6E3F9ACD37C1}
	EndGlobalSection
EndGlobal
